
Microsoft Visual Studio Solution File, Format Version 12.00
# Visual Studio Version 17
VisualStudioVersion = 17.3.32901.215
MinimumVisualStudioVersion = 10.0.40219.1
Project("{FAE04EC0-301F-11D3-BF4B-00C04F79EFBC}") = "ChilliSource.Cloud.Web.MVC", "ChilliSource.Cloud.Web.MVC\ChilliSource.Cloud.Web.MVC.csproj", "{96431E0F-C79E-4788-BCD7-07CE6720FC35}"
EndProject
Project("{FAE04EC0-301F-11D3-BF4B-00C04F79EFBC}") = "ChilliSource.Cloud.Web.MVC.Tests", "ChilliSource.Cloud.Web.MVC.Tests\ChilliSource.Cloud.Web.MVC.Tests.csproj", "{98362BB0-6713-4791-B50F-7B100988F2D1}"
EndProject
Global
	GlobalSection(SolutionConfigurationPlatforms) = preSolution
		Debug|Any CPU = Debug|Any CPU
		Release|Any CPU = Release|Any CPU
	EndGlobalSection
	GlobalSection(ProjectConfigurationPlatforms) = postSolution
		{96431E0F-C79E-4788-BCD7-07CE6720FC35}.Debug|Any CPU.ActiveCfg = Debug|Any CPU
		{96431E0F-C79E-4788-BCD7-07CE6720FC35}.Debug|Any CPU.Build.0 = Debug|Any CPU
		{96431E0F-C79E-4788-BCD7-07CE6720FC35}.Release|Any CPU.ActiveCfg = Release|Any CPU
		{96431E0F-C79E-4788-BCD7-07CE6720FC35}.Release|Any CPU.Build.0 = Release|Any CPU
		{98362BB0-6713-4791-B50F-7B100988F2D1}.Debug|Any CPU.ActiveCfg = Debug|Any CPU
		{98362BB0-6713-4791-B50F-7B100988F2D1}.Debug|Any CPU.Build.0 = Debug|Any CPU
		{98362BB0-6713-4791-B50F-7B100988F2D1}.Release|Any CPU.ActiveCfg = Release|Any CPU
		{98362BB0-6713-4791-B50F-7B100988F2D1}.Release|Any CPU.Build.0 = Release|Any CPU
	EndGlobalSection
	GlobalSection(SolutionProperties) = preSolution
		HideSolutionNode = FALSE
	EndGlobalSection
	GlobalSection(ExtensibilityGlobals) = postSolution
		SolutionGuid = {71A6D1BF-E302-45BE-842E-F6B2AB726E40}
		EnterpriseLibraryConfigurationToolBinariesPathV6 = packages\EnterpriseLibrary.TransientFaultHandling.6.0.1304.0\lib\portable-net45+win+wp8;packages\EnterpriseLibrary.TransientFaultHandling.Data.6.0.1304.1\lib\NET45
	EndGlobalSection
EndGlobal
